
Microsoft Visual Studio Solution File, Format Version 12.00
# Visual Studio Version 17
VisualStudioVersion = 17.0.32112.339
MinimumVisualStudioVersion = 10.0.40219.1
Project("{9A19103F-16F7-4668-BE54-9A1E7A4F7556}") = "QuotesAPI", "QuotesAPI.csproj", "{472F37BB-8044-45B0-A88B-040E29164EEB}"
EndProject
Project("{9A19103F-16F7-4668-BE54-9A1E7A4F7556}") = "QuotesTest", "..\..\QuotesTest\QuotesTest.csproj", "{F164330C-4520-4A1D-8DE1-A438BE58CCD0}"
EndProject
Global
	GlobalSection(SolutionConfigurationPlatforms) = preSolution
		Debug|Any CPU = Debug|Any CPU
		Release|Any CPU = Release|Any CPU
	EndGlobalSection
	GlobalSection(ProjectConfigurationPlatforms) = postSolution
		{472F37BB-8044-45B0-A88B-040E29164EEB}.Debug|Any CPU.ActiveCfg = Debug|Any CPU
		{472F37BB-8044-45B0-A88B-040E29164EEB}.Debug|Any CPU.Build.0 = Debug|Any CPU
		{472F37BB-8044-45B0-A88B-040E29164EEB}.Release|Any CPU.ActiveCfg = Release|Any CPU
		{472F37BB-8044-45B0-A88B-040E29164EEB}.Release|Any CPU.Build.0 = Release|Any CPU
		{F164330C-4520-4A1D-8DE1-A438BE58CCD0}.Debug|Any CPU.ActiveCfg = Debug|Any CPU
		{F164330C-4520-4A1D-8DE1-A438BE58CCD0}.Debug|Any CPU.Build.0 = Debug|Any CPU
		{F164330C-4520-4A1D-8DE1-A438BE58CCD0}.Release|Any CPU.ActiveCfg = Release|Any CPU
		{F164330C-4520-4A1D-8DE1-A438BE58CCD0}.Release|Any CPU.Build.0 = Release|Any CPU
	EndGlobalSection
	GlobalSection(SolutionProperties) = preSolution
		HideSolutionNode = FALSE
	EndGlobalSection
	GlobalSection(ExtensibilityGlobals) = postSolution
		SolutionGuid = {98CA42ED-7524-437A-92DA-96BB307E84B1}
	EndGlobalSection
EndGlobal
