
Microsoft Visual Studio Solution File, Format Version 12.00
# Visual Studio Version 16
VisualStudioVersion = 16.0.32126.315
MinimumVisualStudioVersion = 10.0.40219.1
Project("{FAE04EC0-301F-11D3-BF4B-00C04F79EFBC}") = "AuthorizationAPI", "AuthorizationAPI.csproj", "{A5C29FBB-C84C-4762-AF04-0FFA2B54C439}"
EndProject
Global
	GlobalSection(SolutionConfigurationPlatforms) = preSolution
		Debug|Any CPU = Debug|Any CPU
		Release|Any CPU = Release|Any CPU
	EndGlobalSection
	GlobalSection(ProjectConfigurationPlatforms) = postSolution
		{A5C29FBB-C84C-4762-AF04-0FFA2B54C439}.Debug|Any CPU.ActiveCfg = Debug|Any CPU
		{A5C29FBB-C84C-4762-AF04-0FFA2B54C439}.Debug|Any CPU.Build.0 = Debug|Any CPU
		{A5C29FBB-C84C-4762-AF04-0FFA2B54C439}.Release|Any CPU.ActiveCfg = Release|Any CPU
		{A5C29FBB-C84C-4762-AF04-0FFA2B54C439}.Release|Any CPU.Build.0 = Release|Any CPU
	EndGlobalSection
	GlobalSection(SolutionProperties) = preSolution
		HideSolutionNode = FALSE
	EndGlobalSection
	GlobalSection(ExtensibilityGlobals) = postSolution
		SolutionGuid = {BACD83DD-EB4E-4C87-97B6-79207280B222}
	EndGlobalSection
EndGlobal
